
Microsoft Visual Studio Solution File, Format Version 12.00
# Visual Studio 15
VisualStudioVersion = 15.0.28307.572
MinimumVisualStudioVersion = 10.0.40219.1
Project("{9A19103F-16F7-4668-BE54-9A1E7A4F7556}") = "CoolStudents", "CoolStudents\CoolStudents.csproj", "{24F9BE4F-A48E-4036-B965-C56E3FB3E8BA}"
EndProject
Project("{9A19103F-16F7-4668-BE54-9A1E7A4F7556}") = "DataContext", "ClassLibrary1\DataContext.csproj", "{7AC131B9-42C8-4339-AA51-7D3D2A026643}"
EndProject
Project("{9A19103F-16F7-4668-BE54-9A1E7A4F7556}") = "Common", "Common\Common.csproj", "{2703E50C-7921-47F7-B18B-50BCF409CB8F}"
EndProject
Project("{2150E333-8FDC-42A3-9474-1A3956D46DE8}") = "db", "db", "{81A2FAB4-2323-4464-A315-054FAC9A24D5}"
	ProjectSection(SolutionItems) = preProject
		CoolSchool.mdf = CoolSchool.mdf
		CoolSchool_log.ldf = CoolSchool_log.ldf
	EndProjectSection
EndProject
Global
	GlobalSection(SolutionConfigurationPlatforms) = preSolution
		Debug|Any CPU = Debug|Any CPU
		Release|Any CPU = Release|Any CPU
	EndGlobalSection
	GlobalSection(ProjectConfigurationPlatforms) = postSolution
		{24F9BE4F-A48E-4036-B965-C56E3FB3E8BA}.Debug|Any CPU.ActiveCfg = Debug|Any CPU
		{24F9BE4F-A48E-4036-B965-C56E3FB3E8BA}.Debug|Any CPU.Build.0 = Debug|Any CPU
		{24F9BE4F-A48E-4036-B965-C56E3FB3E8BA}.Release|Any CPU.ActiveCfg = Release|Any CPU
		{24F9BE4F-A48E-4036-B965-C56E3FB3E8BA}.Release|Any CPU.Build.0 = Release|Any CPU
		{7AC131B9-42C8-4339-AA51-7D3D2A026643}.Debug|Any CPU.ActiveCfg = Debug|Any CPU
		{7AC131B9-42C8-4339-AA51-7D3D2A026643}.Debug|Any CPU.Build.0 = Debug|Any CPU
		{7AC131B9-42C8-4339-AA51-7D3D2A026643}.Release|Any CPU.ActiveCfg = Release|Any CPU
		{7AC131B9-42C8-4339-AA51-7D3D2A026643}.Release|Any CPU.Build.0 = Release|Any CPU
		{2703E50C-7921-47F7-B18B-50BCF409CB8F}.Debug|Any CPU.ActiveCfg = Debug|Any CPU
		{2703E50C-7921-47F7-B18B-50BCF409CB8F}.Debug|Any CPU.Build.0 = Debug|Any CPU
		{2703E50C-7921-47F7-B18B-50BCF409CB8F}.Release|Any CPU.ActiveCfg = Release|Any CPU
		{2703E50C-7921-47F7-B18B-50BCF409CB8F}.Release|Any CPU.Build.0 = Release|Any CPU
	EndGlobalSection
	GlobalSection(SolutionProperties) = preSolution
		HideSolutionNode = FALSE
	EndGlobalSection
	GlobalSection(ExtensibilityGlobals) = postSolution
		SolutionGuid = {8FFD1D24-A05B-463B-BA2C-ADDD868DE6E0}
	EndGlobalSection
EndGlobal
